
Microsoft Visual Studio Solution File, Format Version 12.00
# Visual Studio Version 17
VisualStudioVersion = 17.7.34202.233
MinimumVisualStudioVersion = 10.0.40219.1
Project("{FAE04EC0-301F-11D3-BF4B-00C04F79EFBC}") = "appBuffetFrancisco", "appBuffetFrancisco\appBuffetFrancisco.csproj", "{C1FA5303-7972-43D0-AC0A-9B213FFCA894}"
EndProject
Global
	GlobalSection(SolutionConfigurationPlatforms) = preSolution
		Debug|Any CPU = Debug|Any CPU
		Release|Any CPU = Release|Any CPU
	EndGlobalSection
	GlobalSection(ProjectConfigurationPlatforms) = postSolution
		{C1FA5303-7972-43D0-AC0A-9B213FFCA894}.Debug|Any CPU.ActiveCfg = Debug|Any CPU
		{C1FA5303-7972-43D0-AC0A-9B213FFCA894}.Debug|Any CPU.Build.0 = Debug|Any CPU
		{C1FA5303-7972-43D0-AC0A-9B213FFCA894}.Release|Any CPU.ActiveCfg = Release|Any CPU
		{C1FA5303-7972-43D0-AC0A-9B213FFCA894}.Release|Any CPU.Build.0 = Release|Any CPU
	EndGlobalSection
	GlobalSection(SolutionProperties) = preSolution
		HideSolutionNode = FALSE
	EndGlobalSection
	GlobalSection(ExtensibilityGlobals) = postSolution
		SolutionGuid = {EE6861B4-9BC2-43DC-A405-F41A093D437E}
	EndGlobalSection
EndGlobal
